
Microsoft Visual Studio Solution File, Format Version 12.00
# Visual Studio Version 17
VisualStudioVersion = 17.0.31903.59
MinimumVisualStudioVersion = 10.0.40219.1
Project("{2150E333-8FDC-42A3-9474-1A3956D46DE8}") = "Shared", "Shared", "{4F52FD11-658E-A102-6CD3-7D7C16FFA15B}"
EndProject
Project("{FAE04EC0-301F-11D3-BF4B-00C04F79EFBC}") = "FiveSafesTes.Core", "Shared\FiveSafesTes.Core\FiveSafesTes.Core.csproj", "{FF45B1FC-5ED8-4106-9846-A00EBEF8F485}"
EndProject
Project("{2150E333-8FDC-42A3-9474-1A3956D46DE8}") = "Agent", "Agent", "{A0596E84-2522-6F31-0F43-77167BFA80D0}"
EndProject
Project("{FAE04EC0-301F-11D3-BF4B-00C04F79EFBC}") = "Agent.Web", "Agent\Agent.Web\Agent.Web.csproj", "{17066040-AE7A-42E5-9A56-082D48F23406}"
EndProject
Project("{FAE04EC0-301F-11D3-BF4B-00C04F79EFBC}") = "Agent.Api", "Agent\Agent.Api\Agent.Api.csproj", "{D1F0EC0F-E3C7-407A-A89A-7D2FB6D64C19}"
EndProject
Project("{2150E333-8FDC-42A3-9474-1A3956D46DE8}") = "Credentials", "Credentials", "{B6BC038F-1391-9A93-076E-BD02A467D421}"
EndProject
Project("{FAE04EC0-301F-11D3-BF4B-00C04F79EFBC}") = "Credentials.Camunda", "Credentials\Credentials.Camunda\Credentials.Camunda.csproj", "{05EC3FD2-D318-4964-BCDA-D8BE4A1AC833}"
EndProject
Project("{FAE04EC0-301F-11D3-BF4B-00C04F79EFBC}") = "Credentials.Models", "Credentials\Credentials.Models\Credentials.Models.csproj", "{9404B77C-B19F-405D-B64A-9E0716815F1A}"
EndProject
Global
	GlobalSection(SolutionConfigurationPlatforms) = preSolution
		Debug|Any CPU = Debug|Any CPU
		Debug|x64 = Debug|x64
		Debug|x86 = Debug|x86
		Release|Any CPU = Release|Any CPU
		Release|x64 = Release|x64
		Release|x86 = Release|x86
	EndGlobalSection
	GlobalSection(ProjectConfigurationPlatforms) = postSolution
		{FF45B1FC-5ED8-4106-9846-A00EBEF8F485}.Debug|Any CPU.ActiveCfg = Debug|Any CPU
		{FF45B1FC-5ED8-4106-9846-A00EBEF8F485}.Debug|Any CPU.Build.0 = Debug|Any CPU
		{FF45B1FC-5ED8-4106-9846-A00EBEF8F485}.Debug|x64.ActiveCfg = Debug|Any CPU
		{FF45B1FC-5ED8-4106-9846-A00EBEF8F485}.Debug|x64.Build.0 = Debug|Any CPU
		{FF45B1FC-5ED8-4106-9846-A00EBEF8F485}.Debug|x86.ActiveCfg = Debug|Any CPU
		{FF45B1FC-5ED8-4106-9846-A00EBEF8F485}.Debug|x86.Build.0 = Debug|Any CPU
		{FF45B1FC-5ED8-4106-9846-A00EBEF8F485}.Release|Any CPU.ActiveCfg = Release|Any CPU
		{FF45B1FC-5ED8-4106-9846-A00EBEF8F485}.Release|Any CPU.Build.0 = Release|Any CPU
		{FF45B1FC-5ED8-4106-9846-A00EBEF8F485}.Release|x64.ActiveCfg = Release|Any CPU
		{FF45B1FC-5ED8-4106-9846-A00EBEF8F485}.Release|x64.Build.0 = Release|Any CPU
		{FF45B1FC-5ED8-4106-9846-A00EBEF8F485}.Release|x86.ActiveCfg = Release|Any CPU
		{FF45B1FC-5ED8-4106-9846-A00EBEF8F485}.Release|x86.Build.0 = Release|Any CPU
		{17066040-AE7A-42E5-9A56-082D48F23406}.Debug|Any CPU.ActiveCfg = Debug|Any CPU
		{17066040-AE7A-42E5-9A56-082D48F23406}.Debug|Any CPU.Build.0 = Debug|Any CPU
		{17066040-AE7A-42E5-9A56-082D48F23406}.Debug|x64.ActiveCfg = Debug|Any CPU
		{17066040-AE7A-42E5-9A56-082D48F23406}.Debug|x64.Build.0 = Debug|Any CPU
		{17066040-AE7A-42E5-9A56-082D48F23406}.Debug|x86.ActiveCfg = Debug|Any CPU
		{17066040-AE7A-42E5-9A56-082D48F23406}.Debug|x86.Build.0 = Debug|Any CPU
		{17066040-AE7A-42E5-9A56-082D48F23406}.Release|Any CPU.ActiveCfg = Release|Any CPU
		{17066040-AE7A-42E5-9A56-082D48F23406}.Release|Any CPU.Build.0 = Release|Any CPU
		{17066040-AE7A-42E5-9A56-082D48F23406}.Release|x64.ActiveCfg = Release|Any CPU
		{17066040-AE7A-42E5-9A56-082D48F23406}.Release|x64.Build.0 = Release|Any CPU
		{17066040-AE7A-42E5-9A56-082D48F23406}.Release|x86.ActiveCfg = Release|Any CPU
		{17066040-AE7A-42E5-9A56-082D48F23406}.Release|x86.Build.0 = Release|Any CPU
		{D1F0EC0F-E3C7-407A-A89A-7D2FB6D64C19}.Debug|Any CPU.ActiveCfg = Debug|Any CPU
		{D1F0EC0F-E3C7-407A-A89A-7D2FB6D64C19}.Debug|Any CPU.Build.0 = Debug|Any CPU
		{D1F0EC0F-E3C7-407A-A89A-7D2FB6D64C19}.Debug|x64.ActiveCfg = Debug|Any CPU
		{D1F0EC0F-E3C7-407A-A89A-7D2FB6D64C19}.Debug|x64.Build.0 = Debug|Any CPU
		{D1F0EC0F-E3C7-407A-A89A-7D2FB6D64C19}.Debug|x86.ActiveCfg = Debug|Any CPU
		{D1F0EC0F-E3C7-407A-A89A-7D2FB6D64C19}.Debug|x86.Build.0 = Debug|Any CPU
		{D1F0EC0F-E3C7-407A-A89A-7D2FB6D64C19}.Release|Any CPU.ActiveCfg = Release|Any CPU
		{D1F0EC0F-E3C7-407A-A89A-7D2FB6D64C19}.Release|Any CPU.Build.0 = Release|Any CPU
		{D1F0EC0F-E3C7-407A-A89A-7D2FB6D64C19}.Release|x64.ActiveCfg = Release|Any CPU
		{D1F0EC0F-E3C7-407A-A89A-7D2FB6D64C19}.Release|x64.Build.0 = Release|Any CPU
		{D1F0EC0F-E3C7-407A-A89A-7D2FB6D64C19}.Release|x86.ActiveCfg = Release|Any CPU
		{D1F0EC0F-E3C7-407A-A89A-7D2FB6D64C19}.Release|x86.Build.0 = Release|Any CPU
		{05EC3FD2-D318-4964-BCDA-D8BE4A1AC833}.Debug|Any CPU.ActiveCfg = Debug|Any CPU
		{05EC3FD2-D318-4964-BCDA-D8BE4A1AC833}.Debug|Any CPU.Build.0 = Debug|Any CPU
		{05EC3FD2-D318-4964-BCDA-D8BE4A1AC833}.Debug|x64.ActiveCfg = Debug|Any CPU
		{05EC3FD2-D318-4964-BCDA-D8BE4A1AC833}.Debug|x64.Build.0 = Debug|Any CPU
		{05EC3FD2-D318-4964-BCDA-D8BE4A1AC833}.Debug|x86.ActiveCfg = Debug|Any CPU
		{05EC3FD2-D318-4964-BCDA-D8BE4A1AC833}.Debug|x86.Build.0 = Debug|Any CPU
		{05EC3FD2-D318-4964-BCDA-D8BE4A1AC833}.Release|Any CPU.ActiveCfg = Release|Any CPU
		{05EC3FD2-D318-4964-BCDA-D8BE4A1AC833}.Release|Any CPU.Build.0 = Release|Any CPU
		{05EC3FD2-D318-4964-BCDA-D8BE4A1AC833}.Release|x64.ActiveCfg = Release|Any CPU
		{05EC3FD2-D318-4964-BCDA-D8BE4A1AC833}.Release|x64.Build.0 = Release|Any CPU
		{05EC3FD2-D318-4964-BCDA-D8BE4A1AC833}.Release|x86.ActiveCfg = Release|Any CPU
		{05EC3FD2-D318-4964-BCDA-D8BE4A1AC833}.Release|x86.Build.0 = Release|Any CPU
		{9404B77C-B19F-405D-B64A-9E0716815F1A}.Debug|Any CPU.ActiveCfg = Debug|Any CPU
		{9404B77C-B19F-405D-B64A-9E0716815F1A}.Debug|Any CPU.Build.0 = Debug|Any CPU
		{9404B77C-B19F-405D-B64A-9E0716815F1A}.Debug|x64.ActiveCfg = Debug|Any CPU
		{9404B77C-B19F-405D-B64A-9E0716815F1A}.Debug|x64.Build.0 = Debug|Any CPU
		{9404B77C-B19F-405D-B64A-9E0716815F1A}.Debug|x86.ActiveCfg = Debug|Any CPU
		{9404B77C-B19F-405D-B64A-9E0716815F1A}.Debug|x86.Build.0 = Debug|Any CPU
		{9404B77C-B19F-405D-B64A-9E0716815F1A}.Release|Any CPU.ActiveCfg = Release|Any CPU
		{9404B77C-B19F-405D-B64A-9E0716815F1A}.Release|Any CPU.Build.0 = Release|Any CPU
		{9404B77C-B19F-405D-B64A-9E0716815F1A}.Release|x64.ActiveCfg = Release|Any CPU
		{9404B77C-B19F-405D-B64A-9E0716815F1A}.Release|x64.Build.0 = Release|Any CPU
		{9404B77C-B19F-405D-B64A-9E0716815F1A}.Release|x86.ActiveCfg = Release|Any CPU
		{9404B77C-B19F-405D-B64A-9E0716815F1A}.Release|x86.Build.0 = Release|Any CPU
	EndGlobalSection
	GlobalSection(SolutionProperties) = preSolution
		HideSolutionNode = FALSE
	EndGlobalSection
	GlobalSection(NestedProjects) = preSolution
		{FF45B1FC-5ED8-4106-9846-A00EBEF8F485} = {4F52FD11-658E-A102-6CD3-7D7C16FFA15B}
		{17066040-AE7A-42E5-9A56-082D48F23406} = {A0596E84-2522-6F31-0F43-77167BFA80D0}
		{D1F0EC0F-E3C7-407A-A89A-7D2FB6D64C19} = {A0596E84-2522-6F31-0F43-77167BFA80D0}
		{05EC3FD2-D318-4964-BCDA-D8BE4A1AC833} = {B6BC038F-1391-9A93-076E-BD02A467D421}
		{9404B77C-B19F-405D-B64A-9E0716815F1A} = {B6BC038F-1391-9A93-076E-BD02A467D421}
	EndGlobalSection
EndGlobal
