
Microsoft Visual Studio Solution File, Format Version 12.00
# Visual Studio Version 17
VisualStudioVersion = 17.0.31903.59
MinimumVisualStudioVersion = 10.0.40219.1
Project("{2150E333-8FDC-42A3-9474-1A3956D46DE8}") = "Shared", "Shared", "{4F52FD11-658E-A102-6CD3-7D7C16FFA15B}"
EndProject
Project("{FAE04EC0-301F-11D3-BF4B-00C04F79EFBC}") = "FiveSafesTes.Core", "Shared\FiveSafesTes.Core\FiveSafesTes.Core.csproj", "{FF45B1FC-5ED8-4106-9846-A00EBEF8F485}"
EndProject
Project("{2150E333-8FDC-42A3-9474-1A3956D46DE8}") = "Agent", "Agent", "{A0596E84-2522-6F31-0F43-77167BFA80D0}"
EndProject
Project("{FAE04EC0-301F-11D3-BF4B-00C04F79EFBC}") = "Agent.Web", "Agent\Agent.Web\Agent.Web.csproj", "{17066040-AE7A-42E5-9A56-082D48F23406}"
EndProject
Project("{2150E333-8FDC-42A3-9474-1A3956D46DE8}") = "Credentials", "Credentials", "{B6BC038F-1391-9A93-076E-BD02A467D421}"
EndProject
Project("{FAE04EC0-301F-11D3-BF4B-00C04F79EFBC}") = "Credentials.Models", "Credentials\Credentials.Models\Credentials.Models.csproj", "{25C70197-902C-4757-93FA-8DA0CEE99489}"
EndProject
Project("{FAE04EC0-301F-11D3-BF4B-00C04F79EFBC}") = "Agent.Api", "Agent\Agent.Api\Agent.Api.csproj", "{F0EA9D9F-0A66-460E-B44A-9C487EF9257E}"
EndProject
Project("{2150E333-8FDC-42A3-9474-1A3956D46DE8}") = "Submission", "Submission", "{BBDCE393-E449-BBF0-AC9C-BB4BA76B59C8}"
EndProject
Project("{FAE04EC0-301F-11D3-BF4B-00C04F79EFBC}") = "Submission.Api", "Submission\Submission.Api\Submission.Api.csproj", "{62E9885C-F797-46C6-81AF-23B59CF0DA91}"
EndProject
Project("{FAE04EC0-301F-11D3-BF4B-00C04F79EFBC}") = "Submission.Web", "Submission\Submission.Web\Submission.Web.csproj", "{9E966E9C-6995-41B1-8353-4D5A7CD72C22}"
EndProject
Project("{FAE04EC0-301F-11D3-BF4B-00C04F79EFBC}") = "Credentials.Camunda", "Credentials\Credentials.Camunda\Credentials.Camunda.csproj", "{0CF43E59-2B84-461D-B6F8-CA84322EDF1E}"
EndProject
Global
	GlobalSection(SolutionConfigurationPlatforms) = preSolution
		Debug|Any CPU = Debug|Any CPU
		Debug|x64 = Debug|x64
		Debug|x86 = Debug|x86
		Release|Any CPU = Release|Any CPU
		Release|x64 = Release|x64
		Release|x86 = Release|x86
	EndGlobalSection
	GlobalSection(ProjectConfigurationPlatforms) = postSolution
		{FF45B1FC-5ED8-4106-9846-A00EBEF8F485}.Debug|Any CPU.ActiveCfg = Debug|Any CPU
		{FF45B1FC-5ED8-4106-9846-A00EBEF8F485}.Debug|Any CPU.Build.0 = Debug|Any CPU
		{FF45B1FC-5ED8-4106-9846-A00EBEF8F485}.Debug|x64.ActiveCfg = Debug|Any CPU
		{FF45B1FC-5ED8-4106-9846-A00EBEF8F485}.Debug|x64.Build.0 = Debug|Any CPU
		{FF45B1FC-5ED8-4106-9846-A00EBEF8F485}.Debug|x86.ActiveCfg = Debug|Any CPU
		{FF45B1FC-5ED8-4106-9846-A00EBEF8F485}.Debug|x86.Build.0 = Debug|Any CPU
		{FF45B1FC-5ED8-4106-9846-A00EBEF8F485}.Release|Any CPU.ActiveCfg = Release|Any CPU
		{FF45B1FC-5ED8-4106-9846-A00EBEF8F485}.Release|Any CPU.Build.0 = Release|Any CPU
		{FF45B1FC-5ED8-4106-9846-A00EBEF8F485}.Release|x64.ActiveCfg = Release|Any CPU
		{FF45B1FC-5ED8-4106-9846-A00EBEF8F485}.Release|x64.Build.0 = Release|Any CPU
		{FF45B1FC-5ED8-4106-9846-A00EBEF8F485}.Release|x86.ActiveCfg = Release|Any CPU
		{FF45B1FC-5ED8-4106-9846-A00EBEF8F485}.Release|x86.Build.0 = Release|Any CPU
		{17066040-AE7A-42E5-9A56-082D48F23406}.Debug|Any CPU.ActiveCfg = Debug|Any CPU
		{17066040-AE7A-42E5-9A56-082D48F23406}.Debug|Any CPU.Build.0 = Debug|Any CPU
		{17066040-AE7A-42E5-9A56-082D48F23406}.Debug|x64.ActiveCfg = Debug|Any CPU
		{17066040-AE7A-42E5-9A56-082D48F23406}.Debug|x64.Build.0 = Debug|Any CPU
		{17066040-AE7A-42E5-9A56-082D48F23406}.Debug|x86.ActiveCfg = Debug|Any CPU
		{17066040-AE7A-42E5-9A56-082D48F23406}.Debug|x86.Build.0 = Debug|Any CPU
		{17066040-AE7A-42E5-9A56-082D48F23406}.Release|Any CPU.ActiveCfg = Release|Any CPU
		{17066040-AE7A-42E5-9A56-082D48F23406}.Release|Any CPU.Build.0 = Release|Any CPU
		{17066040-AE7A-42E5-9A56-082D48F23406}.Release|x64.ActiveCfg = Release|Any CPU
		{17066040-AE7A-42E5-9A56-082D48F23406}.Release|x64.Build.0 = Release|Any CPU
		{17066040-AE7A-42E5-9A56-082D48F23406}.Release|x86.ActiveCfg = Release|Any CPU
		{17066040-AE7A-42E5-9A56-082D48F23406}.Release|x86.Build.0 = Release|Any CPU
		{25C70197-902C-4757-93FA-8DA0CEE99489}.Debug|Any CPU.ActiveCfg = Debug|Any CPU
		{25C70197-902C-4757-93FA-8DA0CEE99489}.Debug|Any CPU.Build.0 = Debug|Any CPU
		{25C70197-902C-4757-93FA-8DA0CEE99489}.Debug|x64.ActiveCfg = Debug|Any CPU
		{25C70197-902C-4757-93FA-8DA0CEE99489}.Debug|x64.Build.0 = Debug|Any CPU
		{25C70197-902C-4757-93FA-8DA0CEE99489}.Debug|x86.ActiveCfg = Debug|Any CPU
		{25C70197-902C-4757-93FA-8DA0CEE99489}.Debug|x86.Build.0 = Debug|Any CPU
		{25C70197-902C-4757-93FA-8DA0CEE99489}.Release|Any CPU.ActiveCfg = Release|Any CPU
		{25C70197-902C-4757-93FA-8DA0CEE99489}.Release|Any CPU.Build.0 = Release|Any CPU
		{25C70197-902C-4757-93FA-8DA0CEE99489}.Release|x64.ActiveCfg = Release|Any CPU
		{25C70197-902C-4757-93FA-8DA0CEE99489}.Release|x64.Build.0 = Release|Any CPU
		{25C70197-902C-4757-93FA-8DA0CEE99489}.Release|x86.ActiveCfg = Release|Any CPU
		{25C70197-902C-4757-93FA-8DA0CEE99489}.Release|x86.Build.0 = Release|Any CPU
		{F0EA9D9F-0A66-460E-B44A-9C487EF9257E}.Debug|Any CPU.ActiveCfg = Debug|Any CPU
		{F0EA9D9F-0A66-460E-B44A-9C487EF9257E}.Debug|Any CPU.Build.0 = Debug|Any CPU
		{F0EA9D9F-0A66-460E-B44A-9C487EF9257E}.Debug|x64.ActiveCfg = Debug|Any CPU
		{F0EA9D9F-0A66-460E-B44A-9C487EF9257E}.Debug|x64.Build.0 = Debug|Any CPU
		{F0EA9D9F-0A66-460E-B44A-9C487EF9257E}.Debug|x86.ActiveCfg = Debug|Any CPU
		{F0EA9D9F-0A66-460E-B44A-9C487EF9257E}.Debug|x86.Build.0 = Debug|Any CPU
		{F0EA9D9F-0A66-460E-B44A-9C487EF9257E}.Release|Any CPU.ActiveCfg = Release|Any CPU
		{F0EA9D9F-0A66-460E-B44A-9C487EF9257E}.Release|Any CPU.Build.0 = Release|Any CPU
		{F0EA9D9F-0A66-460E-B44A-9C487EF9257E}.Release|x64.ActiveCfg = Release|Any CPU
		{F0EA9D9F-0A66-460E-B44A-9C487EF9257E}.Release|x64.Build.0 = Release|Any CPU
		{F0EA9D9F-0A66-460E-B44A-9C487EF9257E}.Release|x86.ActiveCfg = Release|Any CPU
		{F0EA9D9F-0A66-460E-B44A-9C487EF9257E}.Release|x86.Build.0 = Release|Any CPU
		{62E9885C-F797-46C6-81AF-23B59CF0DA91}.Debug|Any CPU.ActiveCfg = Debug|Any CPU
		{62E9885C-F797-46C6-81AF-23B59CF0DA91}.Debug|Any CPU.Build.0 = Debug|Any CPU
		{62E9885C-F797-46C6-81AF-23B59CF0DA91}.Debug|x64.ActiveCfg = Debug|Any CPU
		{62E9885C-F797-46C6-81AF-23B59CF0DA91}.Debug|x64.Build.0 = Debug|Any CPU
		{62E9885C-F797-46C6-81AF-23B59CF0DA91}.Debug|x86.ActiveCfg = Debug|Any CPU
		{62E9885C-F797-46C6-81AF-23B59CF0DA91}.Debug|x86.Build.0 = Debug|Any CPU
		{62E9885C-F797-46C6-81AF-23B59CF0DA91}.Release|Any CPU.ActiveCfg = Release|Any CPU
		{62E9885C-F797-46C6-81AF-23B59CF0DA91}.Release|Any CPU.Build.0 = Release|Any CPU
		{62E9885C-F797-46C6-81AF-23B59CF0DA91}.Release|x64.ActiveCfg = Release|Any CPU
		{62E9885C-F797-46C6-81AF-23B59CF0DA91}.Release|x64.Build.0 = Release|Any CPU
		{62E9885C-F797-46C6-81AF-23B59CF0DA91}.Release|x86.ActiveCfg = Release|Any CPU
		{62E9885C-F797-46C6-81AF-23B59CF0DA91}.Release|x86.Build.0 = Release|Any CPU
		{9E966E9C-6995-41B1-8353-4D5A7CD72C22}.Debug|Any CPU.ActiveCfg = Debug|Any CPU
		{9E966E9C-6995-41B1-8353-4D5A7CD72C22}.Debug|Any CPU.Build.0 = Debug|Any CPU
		{9E966E9C-6995-41B1-8353-4D5A7CD72C22}.Debug|x64.ActiveCfg = Debug|Any CPU
		{9E966E9C-6995-41B1-8353-4D5A7CD72C22}.Debug|x64.Build.0 = Debug|Any CPU
		{9E966E9C-6995-41B1-8353-4D5A7CD72C22}.Debug|x86.ActiveCfg = Debug|Any CPU
		{9E966E9C-6995-41B1-8353-4D5A7CD72C22}.Debug|x86.Build.0 = Debug|Any CPU
		{9E966E9C-6995-41B1-8353-4D5A7CD72C22}.Release|Any CPU.ActiveCfg = Release|Any CPU
		{9E966E9C-6995-41B1-8353-4D5A7CD72C22}.Release|Any CPU.Build.0 = Release|Any CPU
		{9E966E9C-6995-41B1-8353-4D5A7CD72C22}.Release|x64.ActiveCfg = Release|Any CPU
		{9E966E9C-6995-41B1-8353-4D5A7CD72C22}.Release|x64.Build.0 = Release|Any CPU
		{9E966E9C-6995-41B1-8353-4D5A7CD72C22}.Release|x86.ActiveCfg = Release|Any CPU
		{9E966E9C-6995-41B1-8353-4D5A7CD72C22}.Release|x86.Build.0 = Release|Any CPU
		{0CF43E59-2B84-461D-B6F8-CA84322EDF1E}.Debug|Any CPU.ActiveCfg = Debug|Any CPU
		{0CF43E59-2B84-461D-B6F8-CA84322EDF1E}.Debug|Any CPU.Build.0 = Debug|Any CPU
		{0CF43E59-2B84-461D-B6F8-CA84322EDF1E}.Debug|x64.ActiveCfg = Debug|Any CPU
		{0CF43E59-2B84-461D-B6F8-CA84322EDF1E}.Debug|x64.Build.0 = Debug|Any CPU
		{0CF43E59-2B84-461D-B6F8-CA84322EDF1E}.Debug|x86.ActiveCfg = Debug|Any CPU
		{0CF43E59-2B84-461D-B6F8-CA84322EDF1E}.Debug|x86.Build.0 = Debug|Any CPU
		{0CF43E59-2B84-461D-B6F8-CA84322EDF1E}.Release|Any CPU.ActiveCfg = Release|Any CPU
		{0CF43E59-2B84-461D-B6F8-CA84322EDF1E}.Release|Any CPU.Build.0 = Release|Any CPU
		{0CF43E59-2B84-461D-B6F8-CA84322EDF1E}.Release|x64.ActiveCfg = Release|Any CPU
		{0CF43E59-2B84-461D-B6F8-CA84322EDF1E}.Release|x64.Build.0 = Release|Any CPU
		{0CF43E59-2B84-461D-B6F8-CA84322EDF1E}.Release|x86.ActiveCfg = Release|Any CPU
		{0CF43E59-2B84-461D-B6F8-CA84322EDF1E}.Release|x86.Build.0 = Release|Any CPU
	EndGlobalSection
	GlobalSection(SolutionProperties) = preSolution
		HideSolutionNode = FALSE
	EndGlobalSection
	GlobalSection(NestedProjects) = preSolution
		{FF45B1FC-5ED8-4106-9846-A00EBEF8F485} = {4F52FD11-658E-A102-6CD3-7D7C16FFA15B}
		{17066040-AE7A-42E5-9A56-082D48F23406} = {A0596E84-2522-6F31-0F43-77167BFA80D0}
		{25C70197-902C-4757-93FA-8DA0CEE99489} = {B6BC038F-1391-9A93-076E-BD02A467D421}
		{F0EA9D9F-0A66-460E-B44A-9C487EF9257E} = {A0596E84-2522-6F31-0F43-77167BFA80D0}
		{62E9885C-F797-46C6-81AF-23B59CF0DA91} = {BBDCE393-E449-BBF0-AC9C-BB4BA76B59C8}
		{9E966E9C-6995-41B1-8353-4D5A7CD72C22} = {BBDCE393-E449-BBF0-AC9C-BB4BA76B59C8}
		{0CF43E59-2B84-461D-B6F8-CA84322EDF1E} = {B6BC038F-1391-9A93-076E-BD02A467D421}
	EndGlobalSection
EndGlobal
